
Microsoft Visual Studio Solution File, Format Version 12.00
# Visual Studio Version 17
VisualStudioVersion = 17.14.36401.2 d17.14
MinimumVisualStudioVersion = 10.0.40219.1
Project("{FAE04EC0-301F-11D3-BF4B-00C04F79EFBC}") = "SimpleNavigation", "SimpleNavigation.csproj", "{78216B02-64FB-4739-A012-3422014F0B26}"
EndProject
Global
	GlobalSection(SolutionConfigurationPlatforms) = preSolution
		Debug|Any CPU = Debug|Any CPU
		Release|Any CPU = Release|Any CPU
	EndGlobalSection
	GlobalSection(ProjectConfigurationPlatforms) = postSolution
		{78216B02-64FB-4739-A012-3422014F0B26}.Debug|Any CPU.ActiveCfg = Debug|Any CPU
		{78216B02-64FB-4739-A012-3422014F0B26}.Debug|Any CPU.Build.0 = Debug|Any CPU
		{78216B02-64FB-4739-A012-3422014F0B26}.Release|Any CPU.ActiveCfg = Release|Any CPU
		{78216B02-64FB-4739-A012-3422014F0B26}.Release|Any CPU.Build.0 = Release|Any CPU
	EndGlobalSection
	GlobalSection(SolutionProperties) = preSolution
		HideSolutionNode = FALSE
	EndGlobalSection
	GlobalSection(ExtensibilityGlobals) = postSolution
		SolutionGuid = {BCCE3619-D9CD-41B6-99FD-C9B8BA074CD4}
	EndGlobalSection
EndGlobal
